
Microsoft Visual Studio Solution File, Format Version 12.00
# Visual Studio 15
VisualStudioVersion = 15.0.27110.0
MinimumVisualStudioVersion = 10.0.40219.1
Project("{6EC3EE1D-3C4E-46DD-8F32-0CC8E7565705}") = "Equinox", "src\Equinox\Equinox.fsproj", "{54CD058F-5B0A-4564-B732-1F6301E120AC}"
EndProject
Project("{2150E333-8FDC-42A3-9474-1A3956D46DE8}") = "Store", "Store", "{D67D5A5F-2E59-4514-A997-FEBDC467AAF6}"
EndProject
Project("{2150E333-8FDC-42A3-9474-1A3956D46DE8}") = ".project", ".project", "{7E3A7020-AE75-4513-B81A-57FD3E0D0D84}"
	ProjectSection(SolutionItems) = preProject
		after.Equinox.sln.targets = after.Equinox.sln.targets
		azure-pipelines.yml = azure-pipelines.yml
		build.proj = build.proj
		build.ps1 = build.ps1
		Directory.Build.props = Directory.Build.props
		Directory.Build.targets = Directory.Build.targets
		DOCUMENTATION.md = DOCUMENTATION.md
		global.json = global.json
		LICENSE = LICENSE
		README.md = README.md
		SECURITY.md = SECURITY.md
		tests\xunit.runner.json = tests\xunit.runner.json
	EndProjectSection
EndProject
Project("{6EC3EE1D-3C4E-46DD-8F32-0CC8E7565705}") = "Domain", "samples\Store\Domain\Domain.fsproj", "{37B4A45F-039E-4515-8A84-D242DDE12D22}"
EndProject
Project("{6EC3EE1D-3C4E-46DD-8F32-0CC8E7565705}") = "Domain.Tests", "samples\Store\Domain.Tests\Domain.Tests.fsproj", "{406A280E-0708-4B12-8443-8FD5660CD271}"
EndProject
Project("{6EC3EE1D-3C4E-46DD-8F32-0CC8E7565705}") = "Backend", "samples\Store\Backend\Backend.fsproj", "{0D98B603-2EBB-40C2-AFE5-083C92EFB822}"
EndProject
Project("{6EC3EE1D-3C4E-46DD-8F32-0CC8E7565705}") = "Infrastructure", "samples\Infrastructure\Infrastructure.fsproj", "{ACE52D04-2FE3-4FD6-A066-9C81429C3997}"
EndProject
Project("{6EC3EE1D-3C4E-46DD-8F32-0CC8E7565705}") = "Integration", "samples\Store\Integration\Integration.fsproj", "{0B2D5815-D6A5-4AAC-9B75-D57B165E2A92}"
EndProject
Project("{6EC3EE1D-3C4E-46DD-8F32-0CC8E7565705}") = "Web", "samples\Web\Web.fsproj", "{1B0D4568-96FD-4083-8520-CD537C0B2FF0}"
EndProject
Project("{6EC3EE1D-3C4E-46DD-8F32-0CC8E7565705}") = "Equinox.EventStore", "src\Equinox.EventStore\Equinox.EventStore.fsproj", "{92B4ACC9-7F30-4727-A4B6-0B6903D0AA08}"
EndProject
Project("{6EC3EE1D-3C4E-46DD-8F32-0CC8E7565705}") = "Equinox.EventStore.Integration", "tests\Equinox.EventStore.Integration\Equinox.EventStore.Integration.fsproj", "{3DB78BA2-3460-41F9-A3E1-5B945D4FCB79}"
EndProject
Project("{6EC3EE1D-3C4E-46DD-8F32-0CC8E7565705}") = "Equinox.MemoryStore", "src\Equinox.MemoryStore\Equinox.MemoryStore.fsproj", "{A7441FF0-94E6-45E4-B02D-F14ED248516D}"
EndProject
Project("{6EC3EE1D-3C4E-46DD-8F32-0CC8E7565705}") = "Equinox.MemoryStore.Integration", "tests\Equinox.MemoryStore.Integration\Equinox.MemoryStore.Integration.fsproj", "{B2C695C3-ED04-4094-B672-926440B5F335}"
EndProject
Project("{6EC3EE1D-3C4E-46DD-8F32-0CC8E7565705}") = "Equinox.Codec", "src\Equinox.Codec\Equinox.Codec.fsproj", "{F5491EB1-D072-4262-8184-2A908E1D6175}"
EndProject
Project("{6EC3EE1D-3C4E-46DD-8F32-0CC8E7565705}") = "Equinox.Tool", "tools\Equinox.Tool\Equinox.Tool.fsproj", "{C8992C1C-6DC5-42CD-A3D7-1C5663433FED}"
EndProject
Project("{6EC3EE1D-3C4E-46DD-8F32-0CC8E7565705}") = "Equinox.Cosmos", "src\Equinox.Cosmos\Equinox.Cosmos.fsproj", "{54EA6187-9F9F-4D67-B602-163D011E43E6}"
EndProject
Project("{6EC3EE1D-3C4E-46DD-8F32-0CC8E7565705}") = "Equinox.Cosmos.Integration", "tests\Equinox.Cosmos.Integration\Equinox.Cosmos.Integration.fsproj", "{DE0FEBF0-72DC-4D4A-BBA7-788D875D6B4B}"
EndProject
Project("{6EC3EE1D-3C4E-46DD-8F32-0CC8E7565705}") = "TodoBackend", "samples\TodoBackend\TodoBackend.fsproj", "{EC2EC658-3D85-44F3-AD2F-52AFCAFF8871}"
EndProject
Project("{2150E333-8FDC-42A3-9474-1A3956D46DE8}") = "Samples", "Samples", "{8F3EB30C-8BA3-4CC0-8361-0EA47C19ABB9}"
EndProject
Project("{2150E333-8FDC-42A3-9474-1A3956D46DE8}") = "Todo", "Todo", "{8CDE1CC3-8619-44DE-8B4D-4102CE476C35}"
EndProject
Project("{6EC3EE1D-3C4E-46DD-8F32-0CC8E7565705}") = "Equinox.Cosmos.Projection", "src\Equinox.Cosmos.Projection\Equinox.Cosmos.Projection.fsproj", "{D4641679-9C2B-4B4C-ABA9-B2EC1CB1D79D}"
EndProject
Project("{6EC3EE1D-3C4E-46DD-8F32-0CC8E7565705}") = "Equinox.Projection.Kafka", "src\Equinox.Projection.Kafka\Equinox.Projection.Kafka.fsproj", "{F76A4BA7-3DA8-4012-843B-9E28A4D2EC86}"
EndProject
Project("{6EC3EE1D-3C4E-46DD-8F32-0CC8E7565705}") = "Equinox.Projection.Kafka.Integration", "tests\Equinox.Projection.Kafka.Integration\Equinox.Projection.Kafka.Integration.fsproj", "{C8383D84-80F5-46B8-B59B-48B2359E6A37}"
EndProject
Project("{6EC3EE1D-3C4E-46DD-8F32-0CC8E7565705}") = "Equinox.Projection.Codec", "src\Equinox.Projection.Codec\Equinox.Projection.Codec.fsproj", "{65F8FC6A-FF31-43A0-B7D9-4C9CF407DEB3}"
EndProject
Global
	GlobalSection(SolutionConfigurationPlatforms) = preSolution
		Debug|Any CPU = Debug|Any CPU
		Release|Any CPU = Release|Any CPU
	EndGlobalSection
	GlobalSection(ProjectConfigurationPlatforms) = postSolution
		{54CD058F-5B0A-4564-B732-1F6301E120AC}.Debug|Any CPU.ActiveCfg = Debug|Any CPU
		{54CD058F-5B0A-4564-B732-1F6301E120AC}.Debug|Any CPU.Build.0 = Debug|Any CPU
		{54CD058F-5B0A-4564-B732-1F6301E120AC}.Release|Any CPU.ActiveCfg = Release|Any CPU
		{54CD058F-5B0A-4564-B732-1F6301E120AC}.Release|Any CPU.Build.0 = Release|Any CPU
		{37B4A45F-039E-4515-8A84-D242DDE12D22}.Debug|Any CPU.ActiveCfg = Debug|Any CPU
		{37B4A45F-039E-4515-8A84-D242DDE12D22}.Debug|Any CPU.Build.0 = Debug|Any CPU
		{37B4A45F-039E-4515-8A84-D242DDE12D22}.Release|Any CPU.ActiveCfg = Release|Any CPU
		{37B4A45F-039E-4515-8A84-D242DDE12D22}.Release|Any CPU.Build.0 = Release|Any CPU
		{406A280E-0708-4B12-8443-8FD5660CD271}.Debug|Any CPU.ActiveCfg = Debug|Any CPU
		{406A280E-0708-4B12-8443-8FD5660CD271}.Debug|Any CPU.Build.0 = Debug|Any CPU
		{406A280E-0708-4B12-8443-8FD5660CD271}.Release|Any CPU.ActiveCfg = Release|Any CPU
		{406A280E-0708-4B12-8443-8FD5660CD271}.Release|Any CPU.Build.0 = Release|Any CPU
		{0D98B603-2EBB-40C2-AFE5-083C92EFB822}.Debug|Any CPU.ActiveCfg = Debug|Any CPU
		{0D98B603-2EBB-40C2-AFE5-083C92EFB822}.Debug|Any CPU.Build.0 = Debug|Any CPU
		{0D98B603-2EBB-40C2-AFE5-083C92EFB822}.Release|Any CPU.ActiveCfg = Release|Any CPU
		{0D98B603-2EBB-40C2-AFE5-083C92EFB822}.Release|Any CPU.Build.0 = Release|Any CPU
		{ACE52D04-2FE3-4FD6-A066-9C81429C3997}.Debug|Any CPU.ActiveCfg = Debug|Any CPU
		{ACE52D04-2FE3-4FD6-A066-9C81429C3997}.Debug|Any CPU.Build.0 = Debug|Any CPU
		{ACE52D04-2FE3-4FD6-A066-9C81429C3997}.Release|Any CPU.ActiveCfg = Release|Any CPU
		{ACE52D04-2FE3-4FD6-A066-9C81429C3997}.Release|Any CPU.Build.0 = Release|Any CPU
		{0B2D5815-D6A5-4AAC-9B75-D57B165E2A92}.Debug|Any CPU.ActiveCfg = Debug|Any CPU
		{0B2D5815-D6A5-4AAC-9B75-D57B165E2A92}.Debug|Any CPU.Build.0 = Debug|Any CPU
		{0B2D5815-D6A5-4AAC-9B75-D57B165E2A92}.Release|Any CPU.ActiveCfg = Release|Any CPU
		{0B2D5815-D6A5-4AAC-9B75-D57B165E2A92}.Release|Any CPU.Build.0 = Release|Any CPU
		{1B0D4568-96FD-4083-8520-CD537C0B2FF0}.Debug|Any CPU.ActiveCfg = Debug|Any CPU
		{1B0D4568-96FD-4083-8520-CD537C0B2FF0}.Debug|Any CPU.Build.0 = Debug|Any CPU
		{1B0D4568-96FD-4083-8520-CD537C0B2FF0}.Release|Any CPU.ActiveCfg = Release|Any CPU
		{1B0D4568-96FD-4083-8520-CD537C0B2FF0}.Release|Any CPU.Build.0 = Release|Any CPU
		{92B4ACC9-7F30-4727-A4B6-0B6903D0AA08}.Debug|Any CPU.ActiveCfg = Debug|Any CPU
		{92B4ACC9-7F30-4727-A4B6-0B6903D0AA08}.Debug|Any CPU.Build.0 = Debug|Any CPU
		{92B4ACC9-7F30-4727-A4B6-0B6903D0AA08}.Release|Any CPU.ActiveCfg = Release|Any CPU
		{92B4ACC9-7F30-4727-A4B6-0B6903D0AA08}.Release|Any CPU.Build.0 = Release|Any CPU
		{3DB78BA2-3460-41F9-A3E1-5B945D4FCB79}.Debug|Any CPU.ActiveCfg = Debug|Any CPU
		{3DB78BA2-3460-41F9-A3E1-5B945D4FCB79}.Debug|Any CPU.Build.0 = Debug|Any CPU
		{3DB78BA2-3460-41F9-A3E1-5B945D4FCB79}.Release|Any CPU.ActiveCfg = Release|Any CPU
		{3DB78BA2-3460-41F9-A3E1-5B945D4FCB79}.Release|Any CPU.Build.0 = Release|Any CPU
		{A7441FF0-94E6-45E4-B02D-F14ED248516D}.Debug|Any CPU.ActiveCfg = Debug|Any CPU
		{A7441FF0-94E6-45E4-B02D-F14ED248516D}.Debug|Any CPU.Build.0 = Debug|Any CPU
		{A7441FF0-94E6-45E4-B02D-F14ED248516D}.Release|Any CPU.ActiveCfg = Release|Any CPU
		{A7441FF0-94E6-45E4-B02D-F14ED248516D}.Release|Any CPU.Build.0 = Release|Any CPU
		{B2C695C3-ED04-4094-B672-926440B5F335}.Debug|Any CPU.ActiveCfg = Debug|Any CPU
		{B2C695C3-ED04-4094-B672-926440B5F335}.Debug|Any CPU.Build.0 = Debug|Any CPU
		{B2C695C3-ED04-4094-B672-926440B5F335}.Release|Any CPU.ActiveCfg = Release|Any CPU
		{B2C695C3-ED04-4094-B672-926440B5F335}.Release|Any CPU.Build.0 = Release|Any CPU
		{F5491EB1-D072-4262-8184-2A908E1D6175}.Debug|Any CPU.ActiveCfg = Debug|Any CPU
		{F5491EB1-D072-4262-8184-2A908E1D6175}.Debug|Any CPU.Build.0 = Debug|Any CPU
		{F5491EB1-D072-4262-8184-2A908E1D6175}.Release|Any CPU.ActiveCfg = Release|Any CPU
		{F5491EB1-D072-4262-8184-2A908E1D6175}.Release|Any CPU.Build.0 = Release|Any CPU
		{C8992C1C-6DC5-42CD-A3D7-1C5663433FED}.Debug|Any CPU.ActiveCfg = Debug|Any CPU
		{C8992C1C-6DC5-42CD-A3D7-1C5663433FED}.Debug|Any CPU.Build.0 = Debug|Any CPU
		{C8992C1C-6DC5-42CD-A3D7-1C5663433FED}.Release|Any CPU.ActiveCfg = Release|Any CPU
		{C8992C1C-6DC5-42CD-A3D7-1C5663433FED}.Release|Any CPU.Build.0 = Release|Any CPU
		{54EA6187-9F9F-4D67-B602-163D011E43E6}.Debug|Any CPU.ActiveCfg = Debug|Any CPU
		{54EA6187-9F9F-4D67-B602-163D011E43E6}.Debug|Any CPU.Build.0 = Debug|Any CPU
		{54EA6187-9F9F-4D67-B602-163D011E43E6}.Release|Any CPU.ActiveCfg = Release|Any CPU
		{54EA6187-9F9F-4D67-B602-163D011E43E6}.Release|Any CPU.Build.0 = Release|Any CPU
		{DE0FEBF0-72DC-4D4A-BBA7-788D875D6B4B}.Debug|Any CPU.ActiveCfg = Debug|Any CPU
		{DE0FEBF0-72DC-4D4A-BBA7-788D875D6B4B}.Debug|Any CPU.Build.0 = Debug|Any CPU
		{DE0FEBF0-72DC-4D4A-BBA7-788D875D6B4B}.Release|Any CPU.ActiveCfg = Release|Any CPU
		{DE0FEBF0-72DC-4D4A-BBA7-788D875D6B4B}.Release|Any CPU.Build.0 = Release|Any CPU
		{EC2EC658-3D85-44F3-AD2F-52AFCAFF8871}.Debug|Any CPU.ActiveCfg = Debug|Any CPU
		{EC2EC658-3D85-44F3-AD2F-52AFCAFF8871}.Debug|Any CPU.Build.0 = Debug|Any CPU
		{EC2EC658-3D85-44F3-AD2F-52AFCAFF8871}.Release|Any CPU.ActiveCfg = Release|Any CPU
		{EC2EC658-3D85-44F3-AD2F-52AFCAFF8871}.Release|Any CPU.Build.0 = Release|Any CPU
		{D4641679-9C2B-4B4C-ABA9-B2EC1CB1D79D}.Debug|Any CPU.ActiveCfg = Debug|Any CPU
		{D4641679-9C2B-4B4C-ABA9-B2EC1CB1D79D}.Debug|Any CPU.Build.0 = Debug|Any CPU
		{D4641679-9C2B-4B4C-ABA9-B2EC1CB1D79D}.Release|Any CPU.ActiveCfg = Release|Any CPU
		{D4641679-9C2B-4B4C-ABA9-B2EC1CB1D79D}.Release|Any CPU.Build.0 = Release|Any CPU
		{F76A4BA7-3DA8-4012-843B-9E28A4D2EC86}.Debug|Any CPU.ActiveCfg = Debug|Any CPU
		{F76A4BA7-3DA8-4012-843B-9E28A4D2EC86}.Debug|Any CPU.Build.0 = Debug|Any CPU
		{F76A4BA7-3DA8-4012-843B-9E28A4D2EC86}.Release|Any CPU.ActiveCfg = Release|Any CPU
		{F76A4BA7-3DA8-4012-843B-9E28A4D2EC86}.Release|Any CPU.Build.0 = Release|Any CPU
		{C8383D84-80F5-46B8-B59B-48B2359E6A37}.Debug|Any CPU.ActiveCfg = Debug|Any CPU
		{C8383D84-80F5-46B8-B59B-48B2359E6A37}.Debug|Any CPU.Build.0 = Debug|Any CPU
		{C8383D84-80F5-46B8-B59B-48B2359E6A37}.Release|Any CPU.ActiveCfg = Release|Any CPU
		{C8383D84-80F5-46B8-B59B-48B2359E6A37}.Release|Any CPU.Build.0 = Release|Any CPU
		{65F8FC6A-FF31-43A0-B7D9-4C9CF407DEB3}.Debug|Any CPU.ActiveCfg = Debug|Any CPU
		{65F8FC6A-FF31-43A0-B7D9-4C9CF407DEB3}.Debug|Any CPU.Build.0 = Debug|Any CPU
		{65F8FC6A-FF31-43A0-B7D9-4C9CF407DEB3}.Release|Any CPU.ActiveCfg = Release|Any CPU
		{65F8FC6A-FF31-43A0-B7D9-4C9CF407DEB3}.Release|Any CPU.Build.0 = Release|Any CPU
	EndGlobalSection
	GlobalSection(SolutionProperties) = preSolution
		HideSolutionNode = FALSE
	EndGlobalSection
	GlobalSection(NestedProjects) = preSolution
		{D67D5A5F-2E59-4514-A997-FEBDC467AAF6} = {8F3EB30C-8BA3-4CC0-8361-0EA47C19ABB9}
		{37B4A45F-039E-4515-8A84-D242DDE12D22} = {D67D5A5F-2E59-4514-A997-FEBDC467AAF6}
		{406A280E-0708-4B12-8443-8FD5660CD271} = {D67D5A5F-2E59-4514-A997-FEBDC467AAF6}
		{0D98B603-2EBB-40C2-AFE5-083C92EFB822} = {D67D5A5F-2E59-4514-A997-FEBDC467AAF6}
		{ACE52D04-2FE3-4FD6-A066-9C81429C3997} = {8F3EB30C-8BA3-4CC0-8361-0EA47C19ABB9}
		{0B2D5815-D6A5-4AAC-9B75-D57B165E2A92} = {D67D5A5F-2E59-4514-A997-FEBDC467AAF6}
		{1B0D4568-96FD-4083-8520-CD537C0B2FF0} = {8F3EB30C-8BA3-4CC0-8361-0EA47C19ABB9}
		{EC2EC658-3D85-44F3-AD2F-52AFCAFF8871} = {8CDE1CC3-8619-44DE-8B4D-4102CE476C35}
		{8CDE1CC3-8619-44DE-8B4D-4102CE476C35} = {8F3EB30C-8BA3-4CC0-8361-0EA47C19ABB9}
	EndGlobalSection
	GlobalSection(ExtensibilityGlobals) = postSolution
		SolutionGuid = {177E1E7B-E275-4FC6-AE3C-2C651ECCF71E}
	EndGlobalSection
EndGlobal
